
Microsoft Visual Studio Solution File, Format Version 12.00
# Visual Studio Version 17
VisualStudioVersion = 17.8.34330.188
MinimumVisualStudioVersion = 10.0.40219.1
Project("{9A19103F-16F7-4668-BE54-9A1E7A4F7556}") = "FastFoodStore.DAL", "FastFoodStore.DAL\FastFoodStore.DAL.csproj", "{6B0650E0-42FF-460E-97E3-FAD5C2DB0584}"
EndProject
Project("{9A19103F-16F7-4668-BE54-9A1E7A4F7556}") = "FastFoodStore.BLL", "FastFoodStore.BLL\FastFoodStore.BLL.csproj", "{B3CAE169-F1A5-4614-99B5-CB9CD3C63AAB}"
EndProject
Project("{9A19103F-16F7-4668-BE54-9A1E7A4F7556}") = "FastFoodStore.WPFView.MVVM", "FastFoodStore.WPFView.MVVM\FastFoodStore.WPFView.MVVM.csproj", "{D9615DD4-5E57-471D-8C00-94CF410070E7}"
EndProject
Global
	GlobalSection(SolutionConfigurationPlatforms) = preSolution
		Debug|Any CPU = Debug|Any CPU
		Release|Any CPU = Release|Any CPU
	EndGlobalSection
	GlobalSection(ProjectConfigurationPlatforms) = postSolution
		{6B0650E0-42FF-460E-97E3-FAD5C2DB0584}.Debug|Any CPU.ActiveCfg = Debug|Any CPU
		{6B0650E0-42FF-460E-97E3-FAD5C2DB0584}.Debug|Any CPU.Build.0 = Debug|Any CPU
		{6B0650E0-42FF-460E-97E3-FAD5C2DB0584}.Release|Any CPU.ActiveCfg = Release|Any CPU
		{6B0650E0-42FF-460E-97E3-FAD5C2DB0584}.Release|Any CPU.Build.0 = Release|Any CPU
		{B3CAE169-F1A5-4614-99B5-CB9CD3C63AAB}.Debug|Any CPU.ActiveCfg = Debug|Any CPU
		{B3CAE169-F1A5-4614-99B5-CB9CD3C63AAB}.Debug|Any CPU.Build.0 = Debug|Any CPU
		{B3CAE169-F1A5-4614-99B5-CB9CD3C63AAB}.Release|Any CPU.ActiveCfg = Release|Any CPU
		{B3CAE169-F1A5-4614-99B5-CB9CD3C63AAB}.Release|Any CPU.Build.0 = Release|Any CPU
		{D9615DD4-5E57-471D-8C00-94CF410070E7}.Debug|Any CPU.ActiveCfg = Debug|Any CPU
		{D9615DD4-5E57-471D-8C00-94CF410070E7}.Debug|Any CPU.Build.0 = Debug|Any CPU
		{D9615DD4-5E57-471D-8C00-94CF410070E7}.Release|Any CPU.ActiveCfg = Release|Any CPU
		{D9615DD4-5E57-471D-8C00-94CF410070E7}.Release|Any CPU.Build.0 = Release|Any CPU
	EndGlobalSection
	GlobalSection(SolutionProperties) = preSolution
		HideSolutionNode = FALSE
	EndGlobalSection
	GlobalSection(ExtensibilityGlobals) = postSolution
		SolutionGuid = {5745132F-732D-4B01-BF10-406BD1C89042}
	EndGlobalSection
EndGlobal
